version = 1
revision = 3
requires-python = ">=3.13"

[[package]]
name = "data-parser"
version = "0.1.0"
source = { virtual = "." }
dependencies = [
    { name = "pandas", extra = ["excel"] },
]

[package.metadata]
requires-dist = [{ name = "pandas", extras = ["excel"], specifier = ">=2.3.3" }]

[[package]]
name = "defusedxml"
version = "0.7.1"
source = { registry = "https://pypi.org/simple" }
sdist = { url = "https://files.pythonhosted.org/packages/0f/d5/c66da9b79e5bdb124974bfe172b4daf3c984ebd9c2a06e2b8a4dc7331c72/defusedxml-0.7.1.tar.gz", hash = "sha256:1bb3032db185915b62d7c6209c5a8792be6a32ab2fedacc84e01b52c51aa3e69", size = 75520, upload-time = "2021-03-08T10:59:26.269Z" }
wheels = [
    { url = "https://files.pythonhosted.org/packages/07/6c/aa3f2f849e01cb6a001cd8554a88d4c77c5c1a31c95bdf1cf9301e6d9ef4/defusedxml-0.7.1-py2.py3-none-any.whl", hash = "sha256:a352e7e428770286cc899e2542b6cdaedb2b4953ff269a210103ec58f6198a61", size = 25604, upload-time = "2021-03-08T10:59:24.45Z" },
]

[[package]]
name = "et-xmlfile"
version = "2.0.0"
source = { registry = "https://pypi.org/simple" }
sdist = { url = "https://files.pythonhosted.org/packages/d3/38/af70d7ab1ae9d4da450eeec1fa3918940a5fafb9055e934af8d6eb0c2313/et_xmlfile-2.0.0.tar.gz", hash = "sha256:dab3f4764309081ce75662649be815c4c9081e88f0837825f90fd28317d4da54", size = 17234, upload-time = "2024-10-25T17:25:40.039Z" }
wheels = [
    { url = "https://files.pythonhosted.org/packages/c1/8b/5fe2cc11fee489817272089c4203e679c63b570a5aaeb18d852ae3cbba6a/et_xmlfile-2.0.0-py3-none-any.whl", hash = "sha256:7a91720bc756843502c3b7504c77b8fe44217c85c537d85037f0f536151b2caa", size = 18059, upload-time = "2024-10-25T17:25:39.051Z" },
]

[[package]]
name = "numpy"
version = "2.3.3"
source = { registry = "https://pypi.org/simple" }
sdist = { url = "https://files.pythonhosted.org/packages/d0/19/95b3d357407220ed24c139018d2518fab0a61a948e68286a25f1a4d049ff/numpy-2.3.3.tar.gz", hash = "sha256:ddc7c39727ba62b80dfdbedf400d1c10ddfa8eefbd7ec8dcb118be8b56d31029", size = 20576648, upload-time = "2025-09-09T16:54:12.543Z" }
wheels = [
    { url = "https://files.pythonhosted.org/packages/7d/b9/984c2b1ee61a8b803bf63582b4ac4242cf76e2dbd663efeafcb620cc0ccb/numpy-2.3.3-cp313-cp313-macosx_10_13_x86_64.whl", hash = "sha256:f5415fb78995644253370985342cd03572ef8620b934da27d77377a2285955bf", size = 20949588, upload-time = "2025-09-09T15:56:59.087Z" },
    { url = "https://files.pythonhosted.org/packages/a6/e4/07970e3bed0b1384d22af1e9912527ecbeb47d3b26e9b6a3bced068b3bea/numpy-2.3.3-cp313-cp313-macosx_11_0_arm64.whl", hash = "sha256:d00de139a3324e26ed5b95870ce63be7ec7352171bc69a4cf1f157a48e3eb6b7", size = 14177802, upload-time = "2025-09-09T15:57:01.73Z" },
    { url = "https://files.pythonhosted.org/packages/35/c7/477a83887f9de61f1203bad89cf208b7c19cc9fef0cebef65d5a1a0619f2/numpy-2.3.3-cp313-cp313-macosx_14_0_arm64.whl", hash = "sha256:9dc13c6a5829610cc07422bc74d3ac083bd8323f14e2827d992f9e52e22cd6a6", size = 5106537, upload-time = "2025-09-09T15:57:03.765Z" },
    { url = "https://files.pythonhosted.org/packages/52/47/93b953bd5866a6f6986344d045a207d3f1cfbad99db29f534ea9cee5108c/numpy-2.3.3-cp313-cp313-macosx_14_0_x86_64.whl", hash = "sha256:d79715d95f1894771eb4e60fb23f065663b2298f7d22945d66877aadf33d00c7", size = 6640743, upload-time = "2025-09-09T15:57:07.921Z" },
    { url = "https://files.pythonhosted.org/packages/23/83/377f84aaeb800b64c0ef4de58b08769e782edcefa4fea712910b6f0afd3c/numpy-2.3.3-cp313-cp313-manylinux_2_27_aarch64.manylinux_2_28_aarch64.whl", hash = "sha256:952cfd0748514ea7c3afc729a0fc639e61655ce4c55ab9acfab14bda4f402b4c", size = 14278881, upload-time = "2025-09-09T15:57:11.349Z" },
    { url = "https://files.pythonhosted.org/packages/9a/a5/bf3db6e66c4b160d6ea10b534c381a1955dfab34cb1017ea93aa33c70ed3/numpy-2.3.3-cp313-cp313-manylinux_2_27_x86_64.manylinux_2_28_x86_64.whl", hash = "sha256:5b83648633d46f77039c29078751f80da65aa64d5622a3cd62aaef9d835b6c93", size = 16636301, upload-time = "2025-09-09T15:57:14.245Z" },
    { url = "https://files.pythonhosted.org/packages/a2/59/1287924242eb4fa3f9b3a2c30400f2e17eb2707020d1c5e3086fe7330717/numpy-2.3.3-cp313-cp313-musllinux_1_2_aarch64.whl", hash = "sha256:b001bae8cea1c7dfdb2ae2b017ed0a6f2102d7a70059df1e338e307a4c78a8ae", size = 16053645, upload-time = "2025-09-09T15:57:16.534Z" },
    { url = "https://files.pythonhosted.org/packages/e6/93/b3d47ed882027c35e94ac2320c37e452a549f582a5e801f2d34b56973c97/numpy-2.3.3-cp313-cp313-musllinux_1_2_x86_64.whl", hash = "sha256:8e9aced64054739037d42fb84c54dd38b81ee238816c948c8f3ed134665dcd86", size = 18578179, upload-time = "2025-09-09T15:57:18.883Z" },
    { url = "https://files.pythonhosted.org/packages/20/d9/487a2bccbf7cc9d4bfc5f0f197761a5ef27ba870f1e3bbb9afc4bbe3fcc2/numpy-2.3.3-cp313-cp313-win32.whl", hash = "sha256:9591e1221db3f37751e6442850429b3aabf7026d3b05542d102944ca7f00c8a8", size = 6312250, upload-time = "2025-09-09T15:57:21.296Z" },
    { url = "https://files.pythonhosted.org/packages/1b/b5/263ebbbbcede85028f30047eab3d58028d7ebe389d6493fc95ae66c636ab/numpy-2.3.3-cp313-cp313-win_amd64.whl", hash = "sha256:f0dadeb302887f07431910f67a14d57209ed91130be0adea2f9793f1a4f817cf", size = 12783269, upload-time = "2025-09-09T15:57:23.034Z" },
    { url = "https://files.pythonhosted.org/packages/fa/75/67b8ca554bbeaaeb3fac2e8bce46967a5a06544c9108ec0cf5cece559b6c/numpy-2.3.3-cp313-cp313-win_arm64.whl", hash = "sha256:3c7cf302ac6e0b76a64c4aecf1a09e51abd9b01fc7feee80f6c43e3ab1b1dbc5", size = 10195314, upload-time = "2025-09-09T15:57:25.045Z" },
    { url = "https://files.pythonhosted.org/packages/11/d0/0d1ddec56b162042ddfafeeb293bac672de9b0cfd688383590090963720a/numpy-2.3.3-cp313-cp313t-macosx_10_13_x86_64.whl", hash = "sha256:eda59e44957d272846bb407aad19f89dc6f58fecf3504bd144f4c5cf81a7eacc", size = 21048025, upload-time = "2025-09-09T15:57:27.257Z" },
    { url = "https://files.pythonhosted.org/packages/36/9e/1996ca6b6d00415b6acbdd3c42f7f03ea256e2c3f158f80bd7436a8a19f3/numpy-2.3.3-cp313-cp313t-macosx_11_0_arm64.whl", hash = "sha256:823d04112bc85ef5c4fda73ba24e6096c8f869931405a80aa8b0e604510a26bc", size = 14301053, upload-time = "2025-09-09T15:57:30.077Z" },
    { url = "https://files.pythonhosted.org/packages/05/24/43da09aa764c68694b76e84b3d3f0c44cb7c18cdc1ba80e48b0ac1d2cd39/numpy-2.3.3-cp313-cp313t-macosx_14_0_arm64.whl", hash = "sha256:40051003e03db4041aa325da2a0971ba41cf65714e65d296397cc0e32de6018b", size = 5229444, upload-time = "2025-09-09T15:57:32.733Z" },
    { url = "https://files.pythonhosted.org/packages/bc/14/50ffb0f22f7218ef8af28dd089f79f68289a7a05a208db9a2c5dcbe123c1/numpy-2.3.3-cp313-cp313t-macosx_14_0_x86_64.whl", hash = "sha256:6ee9086235dd6ab7ae75aba5662f582a81ced49f0f1c6de4260a78d8f2d91a19", size = 6738039, upload-time = "2025-09-09T15:57:34.328Z" },
    { url = "https://files.pythonhosted.org/packages/55/52/af46ac0795e09657d45a7f4db961917314377edecf66db0e39fa7ab5c3d3/numpy-2.3.3-cp313-cp313t-manylinux_2_27_aarch64.manylinux_2_28_aarch64.whl", hash = "sha256:94fcaa68757c3e2e668ddadeaa86ab05499a70725811e582b6a9858dd472fb30", size = 14352314, upload-time = "2025-09-09T15:57:36.255Z" },
    { url = "https://files.pythonhosted.org/packages/a7/b1/dc226b4c90eb9f07a3fff95c2f0db3268e2e54e5cce97c4ac91518aee71b/numpy-2.3.3-cp313-cp313t-manylinux_2_27_x86_64.manylinux_2_28_x86_64.whl", hash = "sha256:da1a74b90e7483d6ce5244053399a614b1d6b7bc30a60d2f570e5071f8959d3e", size = 16701722, upload-time = "2025-09-09T15:57:38.622Z" },
    { url = "https://files.pythonhosted.org/packages/9d/9d/9d8d358f2eb5eced14dba99f110d83b5cd9a4460895230f3b396ad19a323/numpy-2.3.3-cp313-cp313t-musllinux_1_2_aarch64.whl", hash = "sha256:2990adf06d1ecee3b3dcbb4977dfab6e9f09807598d647f04d385d29e7a3c3d3", size = 16132755, upload-time = "2025-09-09T15:57:41.16Z" },
    { url = "https://files.pythonhosted.org/packages/b6/27/b3922660c45513f9377b3fb42240bec63f203c71416093476ec9aa0719dc/numpy-2.3.3-cp313-cp313t-musllinux_1_2_x86_64.whl", hash = "sha256:ed635ff692483b8e3f0fcaa8e7eb8a75ee71aa6d975388224f70821421800cea", size = 18651560, upload-time = "2025-09-09T15:57:43.459Z" },
    { url = "https://files.pythonhosted.org/packages/5b/8e/3ab61a730bdbbc201bb245a71102aa609f0008b9ed15255500a99cd7f780/numpy-2.3.3-cp313-cp313t-win32.whl", hash = "sha256:a333b4ed33d8dc2b373cc955ca57babc00cd6f9009991d9edc5ddbc1bac36bcd", size = 6442776, upload-time = "2025-09-09T15:57:45.793Z" },
    { url = "https://files.pythonhosted.org/packages/1c/3a/e22b766b11f6030dc2decdeff5c2fb1610768055603f9f3be88b6d192fb2/numpy-2.3.3-cp313-cp313t-win_amd64.whl", hash = "sha256:4384a169c4d8f97195980815d6fcad04933a7e1ab3b530921c3fef7a1c63426d", size = 12927281, upload-time = "2025-09-09T15:57:47.492Z" },
    { url = "https://files.pythonhosted.org/packages/7b/42/c2e2bc48c5e9b2a83423f99733950fbefd86f165b468a3d85d52b30bf782/numpy-2.3.3-cp313-cp313t-win_arm64.whl", hash = "sha256:75370986cc0bc66f4ce5110ad35aae6d182cc4ce6433c40ad151f53690130bf1", size = 10265275, upload-time = "2025-09-09T15:57:49.647Z" },
    { url = "https://files.pythonhosted.org/packages/6b/01/342ad585ad82419b99bcf7cebe99e61da6bedb89e213c5fd71acc467faee/numpy-2.3.3-cp314-cp314-macosx_10_13_x86_64.whl", hash = "sha256:cd052f1fa6a78dee696b58a914b7229ecfa41f0a6d96dc663c1220a55e137593", size = 20951527, upload-time = "2025-09-09T15:57:52.006Z" },
    { url = "https://files.pythonhosted.org/packages/ef/d8/204e0d73fc1b7a9ee80ab1fe1983dd33a4d64a4e30a05364b0208e9a241a/numpy-2.3.3-cp314-cp314-macosx_11_0_arm64.whl", hash = "sha256:414a97499480067d305fcac9716c29cf4d0d76db6ebf0bf3cbce666677f12652", size = 14186159, upload-time = "2025-09-09T15:57:54.407Z" },
    { url = "https://files.pythonhosted.org/packages/22/af/f11c916d08f3a18fb8ba81ab72b5b74a6e42ead4c2846d270eb19845bf74/numpy-2.3.3-cp314-cp314-macosx_14_0_arm64.whl", hash = "sha256:50a5fe69f135f88a2be9b6ca0481a68a136f6febe1916e4920e12f1a34e708a7", size = 5114624, upload-time = "2025-09-09T15:57:56.5Z" },
    { url = "https://files.pythonhosted.org/packages/fb/11/0ed919c8381ac9d2ffacd63fd1f0c34d27e99cab650f0eb6f110e6ae4858/numpy-2.3.3-cp314-cp314-macosx_14_0_x86_64.whl", hash = "sha256:b912f2ed2b67a129e6a601e9d93d4fa37bef67e54cac442a2f588a54afe5c67a", size = 6642627, upload-time = "2025-09-09T15:57:58.206Z" },
    { url = "https://files.pythonhosted.org/packages/ee/83/deb5f77cb0f7ba6cb52b91ed388b47f8f3c2e9930d4665c600408d9b90b9/numpy-2.3.3-cp314-cp314-manylinux_2_27_aarch64.manylinux_2_28_aarch64.whl", hash = "sha256:9e318ee0596d76d4cb3d78535dc005fa60e5ea348cd131a51e99d0bdbe0b54fe", size = 14296926, upload-time = "2025-09-09T15:58:00.035Z" },
    { url = "https://files.pythonhosted.org/packages/77/cc/70e59dcb84f2b005d4f306310ff0a892518cc0c8000a33d0e6faf7ca8d80/numpy-2.3.3-cp314-cp314-manylinux_2_27_x86_64.manylinux_2_28_x86_64.whl", hash = "sha256:ce020080e4a52426202bdb6f7691c65bb55e49f261f31a8f506c9f6bc7450421", size = 16638958, upload-time = "2025-09-09T15:58:02.738Z" },
    { url = "https://files.pythonhosted.org/packages/b6/5a/b2ab6c18b4257e099587d5b7f903317bd7115333ad8d4ec4874278eafa61/numpy-2.3.3-cp314-cp314-musllinux_1_2_aarch64.whl", hash = "sha256:e6687dc183aa55dae4a705b35f9c0f8cb178bcaa2f029b241ac5356221d5c021", size = 16071920, upload-time = "2025-09-09T15:58:05.029Z" },
    { url = "https://files.pythonhosted.org/packages/b8/f1/8b3fdc44324a259298520dd82147ff648979bed085feeacc1250ef1656c0/numpy-2.3.3-cp314-cp314-musllinux_1_2_x86_64.whl", hash = "sha256:d8f3b1080782469fdc1718c4ed1d22549b5fb12af0d57d35e992158a772a37cf", size = 18577076, upload-time = "2025-09-09T15:58:07.745Z" },
    { url = "https://files.pythonhosted.org/packages/f0/a1/b87a284fb15a42e9274e7fcea0dad259d12ddbf07c1595b26883151ca3b4/numpy-2.3.3-cp314-cp314-win32.whl", hash = "sha256:cb248499b0bc3be66ebd6578b83e5acacf1d6cb2a77f2248ce0e40fbec5a76d0", size = 6366952, upload-time = "2025-09-09T15:58:10.096Z" },
    { url = "https://files.pythonhosted.org/packages/70/5f/1816f4d08f3b8f66576d8433a66f8fa35a5acfb3bbd0bf6c31183b003f3d/numpy-2.3.3-cp314-cp314-win_amd64.whl", hash = "sha256:691808c2b26b0f002a032c73255d0bd89751425f379f7bcd22d140db593a96e8", size = 12919322, upload-time = "2025-09-09T15:58:12.138Z" },
    { url = "https://files.pythonhosted.org/packages/8c/de/072420342e46a8ea41c324a555fa90fcc11637583fb8df722936aed1736d/numpy-2.3.3-cp314-cp314-win_arm64.whl", hash = "sha256:9ad12e976ca7b10f1774b03615a2a4bab8addce37ecc77394d8e986927dc0dfe", size = 10478630, upload-time = "2025-09-09T15:58:14.64Z" },
    { url = "https://files.pythonhosted.org/packages/d5/df/ee2f1c0a9de7347f14da5dd3cd3c3b034d1b8607ccb6883d7dd5c035d631/numpy-2.3.3-cp314-cp314t-macosx_10_13_x86_64.whl", hash = "sha256:9cc48e09feb11e1db00b320e9d30a4151f7369afb96bd0e48d942d09da3a0d00", size = 21047987, upload-time = "2025-09-09T15:58:16.889Z" },
    { url = "https://files.pythonhosted.org/packages/d6/92/9453bdc5a4e9e69cf4358463f25e8260e2ffc126d52e10038b9077815989/numpy-2.3.3-cp314-cp314t-macosx_11_0_arm64.whl", hash = "sha256:901bf6123879b7f251d3631967fd574690734236075082078e0571977c6a8e6a", size = 14301076, upload-time = "2025-09-09T15:58:20.343Z" },
    { url = "https://files.pythonhosted.org/packages/13/77/1447b9eb500f028bb44253105bd67534af60499588a5149a94f18f2ca917/numpy-2.3.3-cp314-cp314t-macosx_14_0_arm64.whl", hash = "sha256:7f025652034199c301049296b59fa7d52c7e625017cae4c75d8662e377bf487d", size = 5229491, upload-time = "2025-09-09T15:58:22.481Z" },
    { url = "https://files.pythonhosted.org/packages/3d/f9/d72221b6ca205f9736cb4b2ce3b002f6e45cd67cd6a6d1c8af11a2f0b649/numpy-2.3.3-cp314-cp314t-macosx_14_0_x86_64.whl", hash = "sha256:533ca5f6d325c80b6007d4d7fb1984c303553534191024ec6a524a4c92a5935a", size = 6737913, upload-time = "2025-09-09T15:58:24.569Z" },
    { url = "https://files.pythonhosted.org/packages/3c/5f/d12834711962ad9c46af72f79bb31e73e416ee49d17f4c797f72c96b6ca5/numpy-2.3.3-cp314-cp314t-manylinux_2_27_aarch64.manylinux_2_28_aarch64.whl", hash = "sha256:0edd58682a399824633b66885d699d7de982800053acf20be1eaa46d92009c54", size = 14352811, upload-time = "2025-09-09T15:58:26.416Z" },
    { url = "https://files.pythonhosted.org/packages/a1/0d/fdbec6629d97fd1bebed56cd742884e4eead593611bbe1abc3eb40d304b2/numpy-2.3.3-cp314-cp314t-manylinux_2_27_x86_64.manylinux_2_28_x86_64.whl", hash = "sha256:367ad5d8fbec5d9296d18478804a530f1191e24ab4d75ab408346ae88045d25e", size = 16702689, upload-time = "2025-09-09T15:58:28.831Z" },
    { url = "https://files.pythonhosted.org/packages/9b/09/0a35196dc5575adde1eb97ddfbc3e1687a814f905377621d18ca9bc2b7dd/numpy-2.3.3-cp314-cp314t-musllinux_1_2_aarch64.whl", hash = "sha256:8f6ac61a217437946a1fa48d24c47c91a0c4f725237871117dea264982128097", size = 16133855, upload-time = "2025-09-09T15:58:31.349Z" },
    { url = "https://files.pythonhosted.org/packages/7a/ca/c9de3ea397d576f1b6753eaa906d4cdef1bf97589a6d9825a349b4729cc2/numpy-2.3.3-cp314-cp314t-musllinux_1_2_x86_64.whl", hash = "sha256:179a42101b845a816d464b6fe9a845dfaf308fdfc7925387195570789bb2c970", size = 18652520, upload-time = "2025-09-09T15:58:33.762Z" },
    { url = "https://files.pythonhosted.org/packages/fd/c2/e5ed830e08cd0196351db55db82f65bc0ab05da6ef2b72a836dcf1936d2f/numpy-2.3.3-cp314-cp314t-win32.whl", hash = "sha256:1250c5d3d2562ec4174bce2e3a1523041595f9b651065e4a4473f5f48a6bc8a5", size = 6515371, upload-time = "2025-09-09T15:58:36.04Z" },
    { url = "https://files.pythonhosted.org/packages/47/c7/b0f6b5b67f6788a0725f744496badbb604d226bf233ba716683ebb47b570/numpy-2.3.3-cp314-cp314t-win_amd64.whl", hash = "sha256:b37a0b2e5935409daebe82c1e42274d30d9dd355852529eab91dab8dcca7419f", size = 13112576, upload-time = "2025-09-09T15:58:37.927Z" },
    { url = "https://files.pythonhosted.org/packages/06/b9/33bba5ff6fb679aa0b1f8a07e853f002a6b04b9394db3069a1270a7784ca/numpy-2.3.3-cp314-cp314t-win_arm64.whl", hash = "sha256:78c9f6560dc7e6b3990e32df7ea1a50bbd0e2a111e05209963f5ddcab7073b0b", size = 10545953, upload-time = "2025-09-09T15:58:40.576Z" },
]

[[package]]
name = "odfpy"
version = "1.4.1"
source = { registry = "https://pypi.org/simple" }
dependencies = [
    { name = "defusedxml" },
]
sdist = { url = "https://files.pythonhosted.org/packages/97/73/8ade73f6749177003f7ce3304f524774adda96e6aaab30ea79fd8fda7934/odfpy-1.4.1.tar.gz", hash = "sha256:db766a6e59c5103212f3cc92ec8dd50a0f3a02790233ed0b52148b70d3c438ec", size = 717045, upload-time = "2020-01-18T16:55:48.852Z" }

[[package]]
name = "openpyxl"
version = "3.1.5"
source = { registry = "https://pypi.org/simple" }
dependencies = [
    { name = "et-xmlfile" },
]
sdist = { url = "https://files.pythonhosted.org/packages/3d/f9/88d94a75de065ea32619465d2f77b29a0469500e99012523b91cc4141cd1/openpyxl-3.1.5.tar.gz", hash = "sha256:cf0e3cf56142039133628b5acffe8ef0c12bc902d2aadd3e0fe5878dc08d1050", size = 186464, upload-time = "2024-06-28T14:03:44.161Z" }
wheels = [
    { url = "https://files.pythonhosted.org/packages/c0/da/977ded879c29cbd04de313843e76868e6e13408a94ed6b987245dc7c8506/openpyxl-3.1.5-py2.py3-none-any.whl", hash = "sha256:5282c12b107bffeef825f4617dc029afaf41d0ea60823bbb665ef3079dc79de2", size = 250910, upload-time = "2024-06-28T14:03:41.161Z" },
]

[[package]]
name = "pandas"
version = "2.3.3"
source = { registry = "https://pypi.org/simple" }
dependencies = [
    { name = "numpy" },
    { name = "python-dateutil" },
    { name = "pytz" },
    { name = "tzdata" },
]
sdist = { url = "https://files.pythonhosted.org/packages/33/01/d40b85317f86cf08d853a4f495195c73815fdf205eef3993821720274518/pandas-2.3.3.tar.gz", hash = "sha256:e05e1af93b977f7eafa636d043f9f94c7ee3ac81af99c13508215942e64c993b", size = 4495223, upload-time = "2025-09-29T23:34:51.853Z" }
wheels = [
    { url = "https://files.pythonhosted.org/packages/cd/4b/18b035ee18f97c1040d94debd8f2e737000ad70ccc8f5513f4eefad75f4b/pandas-2.3.3-cp313-cp313-macosx_10_13_x86_64.whl", hash = "sha256:56851a737e3470de7fa88e6131f41281ed440d29a9268dcbf0002da5ac366713", size = 11544671, upload-time = "2025-09-29T23:21:05.024Z" },
    { url = "https://files.pythonhosted.org/packages/31/94/72fac03573102779920099bcac1c3b05975c2cb5f01eac609faf34bed1ca/pandas-2.3.3-cp313-cp313-macosx_11_0_arm64.whl", hash = "sha256:bdcd9d1167f4885211e401b3036c0c8d9e274eee67ea8d0758a256d60704cfe8", size = 10680807, upload-time = "2025-09-29T23:21:15.979Z" },
    { url = "https://files.pythonhosted.org/packages/16/87/9472cf4a487d848476865321de18cc8c920b8cab98453ab79dbbc98db63a/pandas-2.3.3-cp313-cp313-manylinux_2_24_aarch64.manylinux_2_28_aarch64.whl", hash = "sha256:e32e7cc9af0f1cc15548288a51a3b681cc2a219faa838e995f7dc53dbab1062d", size = 11709872, upload-time = "2025-09-29T23:21:27.165Z" },
    { url = "https://files.pythonhosted.org/packages/15/07/284f757f63f8a8d69ed4472bfd85122bd086e637bf4ed09de572d575a693/pandas-2.3.3-cp313-cp313-manylinux_2_24_x86_64.manylinux_2_28_x86_64.whl", hash = "sha256:318d77e0e42a628c04dc56bcef4b40de67918f7041c2b061af1da41dcff670ac", size = 12306371, upload-time = "2025-09-29T23:21:40.532Z" },
    { url = "https://files.pythonhosted.org/packages/33/81/a3afc88fca4aa925804a27d2676d22dcd2031c2ebe08aabd0ae55b9ff282/pandas-2.3.3-cp313-cp313-musllinux_1_2_aarch64.whl", hash = "sha256:4e0a175408804d566144e170d0476b15d78458795bb18f1304fb94160cabf40c", size = 12765333, upload-time = "2025-09-29T23:21:55.77Z" },
    { url = "https://files.pythonhosted.org/packages/8d/0f/b4d4ae743a83742f1153464cf1a8ecfafc3ac59722a0b5c8602310cb7158/pandas-2.3.3-cp313-cp313-musllinux_1_2_x86_64.whl", hash = "sha256:93c2d9ab0fc11822b5eece72ec9587e172f63cff87c00b062f6e37448ced4493", size = 13418120, upload-time = "2025-09-29T23:22:10.109Z" },
    { url = "https://files.pythonhosted.org/packages/4f/c7/e54682c96a895d0c808453269e0b5928a07a127a15704fedb643e9b0a4c8/pandas-2.3.3-cp313-cp313-win_amd64.whl", hash = "sha256:f8bfc0e12dc78f777f323f55c58649591b2cd0c43534e8355c51d3fede5f4dee", size = 10993991, upload-time = "2025-09-29T23:25:04.889Z" },
    { url = "https://files.pythonhosted.org/packages/f9/ca/3f8d4f49740799189e1395812f3bf23b5e8fc7c190827d55a610da72ce55/pandas-2.3.3-cp313-cp313t-macosx_10_13_x86_64.whl", hash = "sha256:75ea25f9529fdec2d2e93a42c523962261e567d250b0013b16210e1d40d7c2e5", size = 12048227, upload-time = "2025-09-29T23:22:24.343Z" },
    { url = "https://files.pythonhosted.org/packages/0e/5a/f43efec3e8c0cc92c4663ccad372dbdff72b60bdb56b2749f04aa1d07d7e/pandas-2.3.3-cp313-cp313t-macosx_11_0_arm64.whl", hash = "sha256:74ecdf1d301e812db96a465a525952f4dde225fdb6d8e5a521d47e1f42041e21", size = 11411056, upload-time = "2025-09-29T23:22:37.762Z" },
    { url = "https://files.pythonhosted.org/packages/46/b1/85331edfc591208c9d1a63a06baa67b21d332e63b7a591a5ba42a10bb507/pandas-2.3.3-cp313-cp313t-manylinux_2_24_aarch64.manylinux_2_28_aarch64.whl", hash = "sha256:6435cb949cb34ec11cc9860246ccb2fdc9ecd742c12d3304989017d53f039a78", size = 11645189, upload-time = "2025-09-29T23:22:51.688Z" },
    { url = "https://files.pythonhosted.org/packages/44/23/78d645adc35d94d1ac4f2a3c4112ab6f5b8999f4898b8cdf01252f8df4a9/pandas-2.3.3-cp313-cp313t-manylinux_2_24_x86_64.manylinux_2_28_x86_64.whl", hash = "sha256:900f47d8f20860de523a1ac881c4c36d65efcb2eb850e6948140fa781736e110", size = 12121912, upload-time = "2025-09-29T23:23:05.042Z" },
    { url = "https://files.pythonhosted.org/packages/53/da/d10013df5e6aaef6b425aa0c32e1fc1f3e431e4bcabd420517dceadce354/pandas-2.3.3-cp313-cp313t-musllinux_1_2_aarch64.whl", hash = "sha256:a45c765238e2ed7d7c608fc5bc4a6f88b642f2f01e70c0c23d2224dd21829d86", size = 12712160, upload-time = "2025-09-29T23:23:28.57Z" },
    { url = "https://files.pythonhosted.org/packages/bd/17/e756653095a083d8a37cbd816cb87148debcfcd920129b25f99dd8d04271/pandas-2.3.3-cp313-cp313t-musllinux_1_2_x86_64.whl", hash = "sha256:c4fc4c21971a1a9f4bdb4c73978c7f7256caa3e62b323f70d6cb80db583350bc", size = 13199233, upload-time = "2025-09-29T23:24:24.876Z" },
    { url = "https://files.pythonhosted.org/packages/04/fd/74903979833db8390b73b3a8a7d30d146d710bd32703724dd9083950386f/pandas-2.3.3-cp314-cp314-macosx_10_13_x86_64.whl", hash = "sha256:ee15f284898e7b246df8087fc82b87b01686f98ee67d85a17b7ab44143a3a9a0", size = 11540635, upload-time = "2025-09-29T23:25:52.486Z" },
    { url = "https://files.pythonhosted.org/packages/21/00/266d6b357ad5e6d3ad55093a7e8efc7dd245f5a842b584db9f30b0f0a287/pandas-2.3.3-cp314-cp314-macosx_11_0_arm64.whl", hash = "sha256:1611aedd912e1ff81ff41c745822980c49ce4a7907537be8692c8dbc31924593", size = 10759079, upload-time = "2025-09-29T23:26:33.204Z" },
    { url = "https://files.pythonhosted.org/packages/ca/05/d01ef80a7a3a12b2f8bbf16daba1e17c98a2f039cbc8e2f77a2c5a63d382/pandas-2.3.3-cp314-cp314-manylinux_2_24_aarch64.manylinux_2_28_aarch64.whl", hash = "sha256:6d2cefc361461662ac48810cb14365a365ce864afe85ef1f447ff5a1e99ea81c", size = 11814049, upload-time = "2025-09-29T23:27:15.384Z" },
    { url = "https://files.pythonhosted.org/packages/15/b2/0e62f78c0c5ba7e3d2c5945a82456f4fac76c480940f805e0b97fcbc2f65/pandas-2.3.3-cp314-cp314-manylinux_2_24_x86_64.manylinux_2_28_x86_64.whl", hash = "sha256:ee67acbbf05014ea6c763beb097e03cd629961c8a632075eeb34247120abcb4b", size = 12332638, upload-time = "2025-09-29T23:27:51.625Z" },
    { url = "https://files.pythonhosted.org/packages/c5/33/dd70400631b62b9b29c3c93d2feee1d0964dc2bae2e5ad7a6c73a7f25325/pandas-2.3.3-cp314-cp314-musllinux_1_2_aarch64.whl", hash = "sha256:c46467899aaa4da076d5abc11084634e2d197e9460643dd455ac3db5856b24d6", size = 12886834, upload-time = "2025-09-29T23:28:21.289Z" },
    { url = "https://files.pythonhosted.org/packages/d3/18/b5d48f55821228d0d2692b34fd5034bb185e854bdb592e9c640f6290e012/pandas-2.3.3-cp314-cp314-musllinux_1_2_x86_64.whl", hash = "sha256:6253c72c6a1d990a410bc7de641d34053364ef8bcd3126f7e7450125887dffe3", size = 13409925, upload-time = "2025-09-29T23:28:58.261Z" },
    { url = "https://files.pythonhosted.org/packages/a6/3d/124ac75fcd0ecc09b8fdccb0246ef65e35b012030defb0e0eba2cbbbe948/pandas-2.3.3-cp314-cp314-win_amd64.whl", hash = "sha256:1b07204a219b3b7350abaae088f451860223a52cfb8a6c53358e7948735158e5", size = 11109071, upload-time = "2025-09-29T23:32:27.484Z" },
    { url = "https://files.pythonhosted.org/packages/89/9c/0e21c895c38a157e0faa1fb64587a9226d6dd46452cac4532d80c3c4a244/pandas-2.3.3-cp314-cp314t-macosx_10_13_x86_64.whl", hash = "sha256:2462b1a365b6109d275250baaae7b760fd25c726aaca0054649286bcfbb3e8ec", size = 12048504, upload-time = "2025-09-29T23:29:31.47Z" },
    { url = "https://files.pythonhosted.org/packages/d7/82/b69a1c95df796858777b68fbe6a81d37443a33319761d7c652ce77797475/pandas-2.3.3-cp314-cp314t-macosx_11_0_arm64.whl", hash = "sha256:0242fe9a49aa8b4d78a4fa03acb397a58833ef6199e9aa40a95f027bb3a1b6e7", size = 11410702, upload-time = "2025-09-29T23:29:54.591Z" },
    { url = "https://files.pythonhosted.org/packages/f9/88/702bde3ba0a94b8c73a0181e05144b10f13f29ebfc2150c3a79062a8195d/pandas-2.3.3-cp314-cp314t-manylinux_2_24_aarch64.manylinux_2_28_aarch64.whl", hash = "sha256:a21d830e78df0a515db2b3d2f5570610f5e6bd2e27749770e8bb7b524b89b450", size = 11634535, upload-time = "2025-09-29T23:30:21.003Z" },
    { url = "https://files.pythonhosted.org/packages/a4/1e/1bac1a839d12e6a82ec6cb40cda2edde64a2013a66963293696bbf31fbbb/pandas-2.3.3-cp314-cp314t-manylinux_2_24_x86_64.manylinux_2_28_x86_64.whl", hash = "sha256:2e3ebdb170b5ef78f19bfb71b0dc5dc58775032361fa188e814959b74d726dd5", size = 12121582, upload-time = "2025-09-29T23:30:43.391Z" },
    { url = "https://files.pythonhosted.org/packages/44/91/483de934193e12a3b1d6ae7c8645d083ff88dec75f46e827562f1e4b4da6/pandas-2.3.3-cp314-cp314t-musllinux_1_2_aarch64.whl", hash = "sha256:d051c0e065b94b7a3cea50eb1ec32e912cd96dba41647eb24104b6c6c14c5788", size = 12699963, upload-time = "2025-09-29T23:31:10.009Z" },
    { url = "https://files.pythonhosted.org/packages/70/44/5191d2e4026f86a2a109053e194d3ba7a31a2d10a9c2348368c63ed4e85a/pandas-2.3.3-cp314-cp314t-musllinux_1_2_x86_64.whl", hash = "sha256:3869faf4bd07b3b66a9f462417d0ca3a9df29a9f6abd5d0d0dbab15dac7abe87", size = 13202175, upload-time = "2025-09-29T23:31:59.173Z" },
]

[package.optional-dependencies]
excel = [
    { name = "odfpy" },
    { name = "openpyxl" },
    { name = "python-calamine" },
    { name = "pyxlsb" },
    { name = "xlrd" },
    { name = "xlsxwriter" },
]

[[package]]
name = "python-calamine"
version = "0.5.3"
source = { registry = "https://pypi.org/simple" }
sdist = { url = "https://files.pythonhosted.org/packages/f3/ca/295b37a97275d53f072c7307c9d0c4bfec565d3d74157e7fe336ea18de0a/python_calamine-0.5.3.tar.gz", hash = "sha256:b4529c955fa64444184630d5bc8c82c472d1cf6bfe631f0a7bfc5e4802d4e996", size = 130874, upload-time = "2025-09-08T05:41:27.18Z" }
wheels = [
    { url = "https://files.pythonhosted.org/packages/33/e7/14f2bec7b4bead0e71e78fa2549e22192c498a3204d931bd0e6522ec955d/python_calamine-0.5.3-cp313-cp313-macosx_10_12_x86_64.whl", hash = "sha256:90389cc459500644bbc1a1170b5e50a95160f34cedc8de7fe9a4bd1c08764039", size = 843906, upload-time = "2025-09-08T05:39:40.972Z" },
    { url = "https://files.pythonhosted.org/packages/c2/6c/8c6e7a8c9b421e99ad1a637c3b96d94fef25abad6bf790a7ce35bfc5a48d/python_calamine-0.5.3-cp313-cp313-macosx_11_0_arm64.whl", hash = "sha256:221b64c0e126a1263a14d575c61a60177cad852829dca61dfb4f5a8fb9603251", size = 813859, upload-time = "2025-09-08T05:39:42.853Z" },
    { url = "https://files.pythonhosted.org/packages/c4/ee/f6745016a431f10620b4e803f306d95c57e828dea064e32fb944c0260559/python_calamine-0.5.3-cp313-cp313-manylinux_2_17_aarch64.manylinux2014_aarch64.whl", hash = "sha256:49f3aa50d532c6639be851a644875d5c9cd63892cf545ee614a5c0593dc50c3b", size = 889212, upload-time = "2025-09-08T05:39:44.356Z" },
    { url = "https://files.pythonhosted.org/packages/b9/72/8de0af1823d587b2683eb25c6feef14c7ea917cfb975d094ad09f46245d0/python_calamine-0.5.3-cp313-cp313-manylinux_2_17_armv7l.manylinux2014_armv7l.whl", hash = "sha256:7d8bf3b3542c771795cfcfa8a77d1373273311735517cca599aa7f89c34f38ae", size = 883584, upload-time = "2025-09-08T05:39:45.97Z" },
    { url = "https://files.pythonhosted.org/packages/5a/90/47b91cf573b6bd4e6dbaeef4f993caf26dc0d2b8117261bc965bd70b38ce/python_calamine-0.5.3-cp313-cp313-manylinux_2_17_ppc64le.manylinux2014_ppc64le.whl", hash = "sha256:5d8e452fc1335ab1f7738c3d4d5144f11719b9c5585f3cb5102d47293355067a", size = 1034378, upload-time = "2025-09-08T05:39:47.57Z" },
    { url = "https://files.pythonhosted.org/packages/48/f7/c75e5f0b0918f0f60b45fad4c313d159633615aa1c96a5170e3fe940862d/python_calamine-0.5.3-cp313-cp313-manylinux_2_17_s390x.manylinux2014_s390x.whl", hash = "sha256:f4fc75ac97be47539465191a00de305c0e150465da8632c14fc1107a0b304f97", size = 934310, upload-time = "2025-09-08T05:39:49.059Z" },
    { url = "https://files.pythonhosted.org/packages/cd/04/8b5806bdbfabdb51fd2816deac6870d031560f0bbd90d9729ac86b903579/python_calamine-0.5.3-cp313-cp313-manylinux_2_17_x86_64.manylinux2014_x86_64.whl", hash = "sha256:e1258368551e0b235d5b46c105137294cbb5ca683b2c13f5851f3ebec7f2d42b", size = 903602, upload-time = "2025-09-08T05:39:50.91Z" },
    { url = "https://files.pythonhosted.org/packages/75/4e/ec27837d5023b8db775db7798b3340eeb6bcb7f61ad64e892d4e1b14853e/python_calamine-0.5.3-cp313-cp313-manylinux_2_5_i686.manylinux1_i686.whl", hash = "sha256:3a7c51270e5ea518cb02cb531d84a2eb2de68da3cf48b26adae622f031dc5284", size = 948410, upload-time = "2025-09-08T05:39:53.286Z" },
    { url = "https://files.pythonhosted.org/packages/3d/ba/8b5193637bfa0f363284974ae998f96fa1c8561a0a4d90378b0f202ac317/python_calamine-0.5.3-cp313-cp313-musllinux_1_1_aarch64.whl", hash = "sha256:e1d0df3d69b32da05e3e7648bb5802559d44979be721983f0d669b4128f920fa", size = 1067274, upload-time = "2025-09-08T05:39:55.469Z" },
    { url = "https://files.pythonhosted.org/packages/da/1c/506791e4c7078f2fed1ee2d69703d62c0acfd5b671db157bb755f47cff42/python_calamine-0.5.3-cp313-cp313-musllinux_1_1_x86_64.whl", hash = "sha256:6d674ae194744b6080f20a0b5a253a9976d632ee91dc00e13e539e968167cd35", size = 1073351, upload-time = "2025-09-08T05:39:57.685Z" },
    { url = "https://files.pythonhosted.org/packages/dc/83/e30e21484b1ed55668f67a63578d8a6ba70597a4d7ee8da23d759d3e1b3f/python_calamine-0.5.3-cp313-cp313-win32.whl", hash = "sha256:7a42ff0dae44457a4a3e65ea49357ffdf92e44f8b022ef1fb32c6498097d6d57", size = 669416, upload-time = "2025-09-08T05:39:59.901Z" },
    { url = "https://files.pythonhosted.org/packages/1d/8f/29c617e9548ed2704657ebaa7d79067cad06cbbf7dd432a6cacd4cc19d16/python_calamine-0.5.3-cp313-cp313-win_amd64.whl", hash = "sha256:054aee805c2cd5ab9848c2b8459822f2581cf22af45ff60251c9f45585cc06e0", size = 712760, upload-time = "2025-09-08T05:40:01.799Z" },
    { url = "https://files.pythonhosted.org/packages/f8/35/d8117f99037100a28d17d9fbde121511c19d54ff4e5968d6aed693caeb87/python_calamine-0.5.3-cp313-cp313-win_arm64.whl", hash = "sha256:0e870f57651e2f76e7c1f009492aa342a7b1819f8b1131bf501240872777f944", size = 679372, upload-time = "2025-09-08T05:40:03.676Z" },
    { url = "https://files.pythonhosted.org/packages/d9/0a/61949009a354af9ff5dc19e6816ae68a56281c0765520c9db4ff0ed20054/python_calamine-0.5.3-cp313-cp313t-macosx_10_12_x86_64.whl", hash = "sha256:e98c819cd43a7f0048f6d97c9d4ec23d72889cd722de1d6b68e0de24b1f8f037", size = 843418, upload-time = "2025-09-08T05:40:05.601Z" },
    { url = "https://files.pythonhosted.org/packages/52/7b/4cb7fa988d17c98a0be6e9f74561d8a2381f28a2b88adb89f16abe345d2f/python_calamine-0.5.3-cp313-cp313t-macosx_11_0_arm64.whl", hash = "sha256:cf90ce46420545f922cde95004ea8d5efaf3864b5a380a5d1defc7abd219421a", size = 813611, upload-time = "2025-09-08T05:40:07.47Z" },
    { url = "https://files.pythonhosted.org/packages/01/34/4c2a6827da90f366be3fb9c7788f672f5e7d60808f9dbd01da5acc6f11ca/python_calamine-0.5.3-cp313-cp313t-manylinux_2_17_aarch64.manylinux2014_aarch64.whl", hash = "sha256:3e89caa6a1a55215be742cd44f6d94611fb6ab222a30325e772abc40566693e5", size = 888097, upload-time = "2025-09-08T05:40:09.256Z" },
    { url = "https://files.pythonhosted.org/packages/17/bc/ecf5f6ac95195dfd3e9d63ab8c60b78d6466009751dfb1cdacf71d5f5e19/python_calamine-0.5.3-cp313-cp313t-manylinux_2_17_armv7l.manylinux2014_armv7l.whl", hash = "sha256:b13177e42dac8de57870995699b237ce5a7886d9bd7fb745a36f867e5d3d3e62", size = 880861, upload-time = "2025-09-08T05:40:11.637Z" },
    { url = "https://files.pythonhosted.org/packages/6e/55/8b60f99221a408f08db280b553aa4321c4cd9365e5c3101638249002d5a4/python_calamine-0.5.3-cp313-cp313t-manylinux_2_17_ppc64le.manylinux2014_ppc64le.whl", hash = "sha256:948e28b5f3246177440c70550661e0a27b414cb15535111fca7dbac2a63721b1", size = 1033023, upload-time = "2025-09-08T05:40:13.864Z" },
    { url = "https://files.pythonhosted.org/packages/05/c5/8c378d3c2c56d12606e20b59eee3538d3b1177fe00b103bb98ef15176610/python_calamine-0.5.3-cp313-cp313t-manylinux_2_17_s390x.manylinux2014_s390x.whl", hash = "sha256:e37fef2b67bcd66b5dfc65b0779da9522c82f1ef9f97fc6034848072ff60b3f7", size = 933097, upload-time = "2025-09-08T05:40:16.372Z" },
    { url = "https://files.pythonhosted.org/packages/26/04/cf14e91ac5c2d6d9795e1c39f3f53e0f173fcbaed4b00198e22a58265fdd/python_calamine-0.5.3-cp313-cp313t-manylinux_2_17_x86_64.manylinux2014_x86_64.whl", hash = "sha256:ddcef4e0e9d0479e027c90d9e1537bcf05de9bdd137cd7dfdbfc0034b1850973", size = 901917, upload-time = "2025-09-08T05:40:18.444Z" },
    { url = "https://files.pythonhosted.org/packages/6e/2f/5b2065b9360bda792504fe3ac1cef6d9da51ceba6230ee7634886b44cce9/python_calamine-0.5.3-cp313-cp313t-manylinux_2_5_i686.manylinux1_i686.whl", hash = "sha256:6732b47f923102357bde348021a2892a41c2fb173958268c0a1ff8d5abb6b7e8", size = 943328, upload-time = "2025-09-08T05:40:20.302Z" },
    { url = "https://files.pythonhosted.org/packages/ce/5a/45e4bd8473264b918d83297d15f160471029390cd06ed0056fc57e8f29eb/python_calamine-0.5.3-cp313-cp313t-musllinux_1_1_aarch64.whl", hash = "sha256:543db1b886cf994aaf7da0752022b37c42c05acb7605b56d09047023c8387610", size = 1065993, upload-time = "2025-09-08T05:40:22.528Z" },
    { url = "https://files.pythonhosted.org/packages/35/6b/2afd47608495f23408bdf2f1ff57a144700aed8b5bbe50285ac4864edf53/python_calamine-0.5.3-cp313-cp313t-musllinux_1_1_x86_64.whl", hash = "sha256:b79135dd96129253dc0e547778c700e1e3782e7671e7047c8b106b5501e33706", size = 1071801, upload-time = "2025-09-08T05:40:24.481Z" },
    { url = "https://files.pythonhosted.org/packages/f7/db/b06a15f25e63290c2efc5433fa8b395bfe870aacbf4ea6c930764d53eca6/python_calamine-0.5.3-cp313-cp313t-win32.whl", hash = "sha256:d84dc3b78adf038a2b452fc784523dcc90477f1631d33aabc0872812db5beb26", size = 669485, upload-time = "2025-09-08T05:40:26.818Z" },
    { url = "https://files.pythonhosted.org/packages/2d/40/e51adf1dae2002f189c83ae527aad017372d1a1b97a22172dc2e51ce502d/python_calamine-0.5.3-cp313-cp313t-win_amd64.whl", hash = "sha256:8a3fd541576fdf2708e40064ebaaf561a0a2afcab01de91c83ec212193bede34", size = 712636, upload-time = "2025-09-08T05:40:28.502Z" },
    { url = "https://files.pythonhosted.org/packages/56/fa/db4dc8d27a5daa14a153aebc0cb98bad6fd700befd9e67440a8017f0e108/python_calamine-0.5.3-cp313-cp313t-win_arm64.whl", hash = "sha256:b28a9c9318a5e7dabcead1803bfd48be5bf7c9f339d6e505a5989650a6102487", size = 678307, upload-time = "2025-09-08T05:40:30.797Z" },
    { url = "https://files.pythonhosted.org/packages/ee/7f/a098680c9d6ad36fe850f2c2c28627ee3bc95aaa052f375806f69c075475/python_calamine-0.5.3-cp314-cp314-macosx_10_12_x86_64.whl", hash = "sha256:b5cdcd85cc08a1805d267fc66aa100940712de6b4524951ab91ba47fa60d481f", size = 843921, upload-time = "2025-09-08T05:40:32.418Z" },
    { url = "https://files.pythonhosted.org/packages/09/ce/3de5d714779fac6e3333e7ea98ce4eae3b2479eb8a3d2f7d9e4487e16681/python_calamine-0.5.3-cp314-cp314-macosx_11_0_arm64.whl", hash = "sha256:828cd5d49fe9eb9c1fc9219fe484b07f2ba9a1e5e3b8475d7f1415e0fa316df8", size = 814173, upload-time = "2025-09-08T05:40:33.982Z" },
    { url = "https://files.pythonhosted.org/packages/cb/14/ef98575838091b6b24274160d53607e78df94f0176af360bcb063512e643/python_calamine-0.5.3-cp314-cp314-manylinux_2_17_aarch64.manylinux2014_aarch64.whl", hash = "sha256:0d3f4d0532ab4de422fc4b707cdbb93d57ca7ccf9be8bc4742fb9376dc68f861", size = 888958, upload-time = "2025-09-08T05:40:35.576Z" },
    { url = "https://files.pythonhosted.org/packages/c0/b1/c999dd1f89f415ff06f88f37bce643ece3c4d51ae051e0a143ff16f44c1c/python_calamine-0.5.3-cp314-cp314-manylinux_2_17_armv7l.manylinux2014_armv7l.whl", hash = "sha256:89a9ba0a16e4335b676232ddbbea0fd09bfb94757ca6e4cf90ce1348aa843f3f", size = 880988, upload-time = "2025-09-08T05:40:37.264Z" },
    { url = "https://files.pythonhosted.org/packages/74/16/4984532280e4b2c81aa26ae57b37fc3eaeda414e46e2d9c6a9cfdb27cd56/python_calamine-0.5.3-cp314-cp314-manylinux_2_17_ppc64le.manylinux2014_ppc64le.whl", hash = "sha256:0928d0eb1cdea229464de280d0f7cd99314ba28cffd2c4d6c9ce6902f9d6d448", size = 1035685, upload-time = "2025-09-08T05:40:38.992Z" },
    { url = "https://files.pythonhosted.org/packages/cd/dc/91776b34ab09f36ea41449951148bef731f9b355a2d2b25d398eec774926/python_calamine-0.5.3-cp314-cp314-manylinux_2_17_s390x.manylinux2014_s390x.whl", hash = "sha256:c7f9519dd3b8814ef6e801b9797f918fe7a59937fac4784cb280c8350fb1a2cf", size = 933865, upload-time = "2025-09-08T05:40:41.089Z" },
    { url = "https://files.pythonhosted.org/packages/01/97/12deaff5e608207398a9f0eaa06447ed69e8c4873ee953be553f9440881a/python_calamine-0.5.3-cp314-cp314-manylinux_2_17_x86_64.manylinux2014_x86_64.whl", hash = "sha256:954cd764c6b24735c749a447523b4ccf4b9d2b7c231ddd304ed42c15afca9516", size = 902310, upload-time = "2025-09-08T05:40:43.222Z" },
    { url = "https://files.pythonhosted.org/packages/45/da/45063eee203f6c9d9436d29dfc0f01db85c9264c86d1e438c3b452d7e97f/python_calamine-0.5.3-cp314-cp314-manylinux_2_5_i686.manylinux1_i686.whl", hash = "sha256:b3f0e9c59fece6bbf1a916947fba33e9b635327eb165784d05efed40027164d1", size = 948143, upload-time = "2025-09-08T05:40:44.874Z" },
    { url = "https://files.pythonhosted.org/packages/33/07/0b661166dd58367bd5d6cc2bf8441f61004dd5ef2555ab224da97b1ac5d3/python_calamine-0.5.3-cp314-cp314-musllinux_1_1_aarch64.whl", hash = "sha256:63bb47cc080d8eb9bc654f0961ada385b58a57d4628b0a33d1003c8f62e6ae3d", size = 1067181, upload-time = "2025-09-08T05:40:46.598Z" },
    { url = "https://files.pythonhosted.org/packages/5d/80/58b107dc2c2e6bad581f58f54b3ccb07705094ff23734c8dd30bd8aef4e8/python_calamine-0.5.3-cp314-cp314-musllinux_1_1_x86_64.whl", hash = "sha256:adb62aab9b9298b2fc378b2aec6dd5802f7ee199c3431abae29368ef046f8005", size = 1072683, upload-time = "2025-09-08T05:40:48.629Z" },
    { url = "https://files.pythonhosted.org/packages/4c/b4/667e40dbe7d4f19a2e69f9cd186e069cd3af0411a177aa2a90231e3e0b06/python_calamine-0.5.3-cp314-cp314t-macosx_10_12_x86_64.whl", hash = "sha256:1de68d2586df7a7a05a7779031dabd4c3d95d4738314ba82e943c8d3f36b5a67", size = 843526, upload-time = "2025-09-08T05:40:50.334Z" },
    { url = "https://files.pythonhosted.org/packages/3e/f7/fb86da5920198a616583f07d1a395cb1241eafb930d5c33f597ae6664711/python_calamine-0.5.3-cp314-cp314t-macosx_11_0_arm64.whl", hash = "sha256:2c70033bbd59f05491743befec5e2a90784f4c8220e7379ce03e956bd1f475be", size = 811074, upload-time = "2025-09-08T05:40:52.168Z" },
    { url = "https://files.pythonhosted.org/packages/76/2e/5a5a618b351b75155fbb40ad88e166f17ccf202401dd4b830db05b2565a6/python_calamine-0.5.3-cp314-cp314t-manylinux_2_17_aarch64.manylinux2014_aarch64.whl", hash = "sha256:4f396a0e57b1a5462668fc247377714b5b4c061718c1863c00ddc64e770b0f1e", size = 887735, upload-time = "2025-09-08T05:40:53.86Z" },
    { url = "https://files.pythonhosted.org/packages/97/cf/3cfaa550eb1c9c5501728886c5e787c3ddeb34d8bf3e7e9fcaf9fc6fbd86/python_calamine-0.5.3-cp314-cp314t-manylinux_2_17_armv7l.manylinux2014_armv7l.whl", hash = "sha256:ce737cb19d3077cabe0acaecd6b55d5df75021a520c20b47e0c75b65b4bfa919", size = 882356, upload-time = "2025-09-08T05:40:55.624Z" },
    { url = "https://files.pythonhosted.org/packages/88/b8/97f56e337149d0ce53399be9bd583f735dc1ea9abb2745ac902a09e8c401/python_calamine-0.5.3-cp314-cp314t-manylinux_2_17_ppc64le.manylinux2014_ppc64le.whl", hash = "sha256:e54b30802fe089cc0c67c67407203412ec7144e84e0960e69c529c7170c37dae", size = 1033195, upload-time = "2025-09-08T05:40:57.819Z" },
    { url = "https://files.pythonhosted.org/packages/94/45/59a21a18c8e073d2f930a4a9c0c038207b82c5c996b67146fb76f3da2748/python_calamine-0.5.3-cp314-cp314t-manylinux_2_17_s390x.manylinux2014_s390x.whl", hash = "sha256:5efc94c2e4119dc0da1e84d036f7e840fb0dd0850f4c10d3d166d725af0751af", size = 931846, upload-time = "2025-09-08T05:40:59.93Z" },
    { url = "https://files.pythonhosted.org/packages/36/47/715e0c0bc37ccce035ef4be1aa8eafa1e5abb6687af725cb47d81a18def7/python_calamine-0.5.3-cp314-cp314t-manylinux_2_17_x86_64.manylinux2014_x86_64.whl", hash = "sha256:74e33191a01d52f66dd6b029e99b6eda0245771c4f116c87ff0d5edf922dbbca", size = 902871, upload-time = "2025-09-08T05:41:02.021Z" },
    { url = "https://files.pythonhosted.org/packages/ca/07/ac0cf8623765106794e297235d6dde3a728f18e61a536792189fca06f2ba/python_calamine-0.5.3-cp314-cp314t-manylinux_2_5_i686.manylinux1_i686.whl", hash = "sha256:85ceec02cb367cf87a72ba559db3279f3b4774edba9330eb77670587d4de95f4", size = 944438, upload-time = "2025-09-08T05:41:03.748Z" },
    { url = "https://files.pythonhosted.org/packages/88/98/c48c0b8be7fbae5f68b7c55a1ed4068d2c3dab64093e39733d43c23a7459/python_calamine-0.5.3-cp314-cp314t-musllinux_1_1_aarch64.whl", hash = "sha256:882400368f976ea489e47af04fde936b603c3efcf9ade1cd73e623c88fc4aa5c", size = 1066276, upload-time = "2025-09-08T05:41:05.408Z" },
    { url = "https://files.pythonhosted.org/packages/73/3a/bbf99531fec43bca2ab28948ab94d851db96c0364c76139dd746cab2f4f9/python_calamine-0.5.3-cp314-cp314t-musllinux_1_1_x86_64.whl", hash = "sha256:ce2fe421d5564e5341f7a06b9c52b84603b48aa670426d44fffce705609a859b", size = 1073059, upload-time = "2025-09-08T05:41:07.75Z" },
]

[[package]]
name = "python-dateutil"
version = "2.9.0.post0"
source = { registry = "https://pypi.org/simple" }
dependencies = [
    { name = "six" },
]
sdist = { url = "https://files.pythonhosted.org/packages/66/c0/0c8b6ad9f17a802ee498c46e004a0eb49bc148f2fd230864601a86dcf6db/python-dateutil-2.9.0.post0.tar.gz", hash = "sha256:37dd54208da7e1cd875388217d5e00ebd4179249f90fb72437e91a35459a0ad3", size = 342432, upload-time = "2024-03-01T18:36:20.211Z" }
wheels = [
    { url = "https://files.pythonhosted.org/packages/ec/57/56b9bcc3c9c6a792fcbaf139543cee77261f3651ca9da0c93f5c1221264b/python_dateutil-2.9.0.post0-py2.py3-none-any.whl", hash = "sha256:a8b2bc7bffae282281c8140a97d3aa9c14da0b136dfe83f850eea9a5f7470427", size = 229892, upload-time = "2024-03-01T18:36:18.57Z" },
]

[[package]]
name = "pytz"
version = "2025.2"
source = { registry = "https://pypi.org/simple" }
sdist = { url = "https://files.pythonhosted.org/packages/f8/bf/abbd3cdfb8fbc7fb3d4d38d320f2441b1e7cbe29be4f23797b4a2b5d8aac/pytz-2025.2.tar.gz", hash = "sha256:360b9e3dbb49a209c21ad61809c7fb453643e048b38924c765813546746e81c3", size = 320884, upload-time = "2025-03-25T02:25:00.538Z" }
wheels = [
    { url = "https://files.pythonhosted.org/packages/81/c4/34e93fe5f5429d7570ec1fa436f1986fb1f00c3e0f43a589fe2bbcd22c3f/pytz-2025.2-py2.py3-none-any.whl", hash = "sha256:5ddf76296dd8c44c26eb8f4b6f35488f3ccbf6fbbd7adee0b7262d43f0ec2f00", size = 509225, upload-time = "2025-03-25T02:24:58.468Z" },
]

[[package]]
name = "pyxlsb"
version = "1.0.10"
source = { registry = "https://pypi.org/simple" }
sdist = { url = "https://files.pythonhosted.org/packages/3f/13/eebaeb7a40b062d1c6f7f91d09e73d30a69e33e4baa7cbe4b7658548b1cd/pyxlsb-1.0.10.tar.gz", hash = "sha256:8062d1ea8626d3f1980e8b1cfe91a4483747449242ecb61013bc2df85435f685", size = 22424, upload-time = "2022-10-14T19:17:47.308Z" }
wheels = [
    { url = "https://files.pythonhosted.org/packages/7e/92/345823838ae367c59b63e03aef9c331f485370f9df6d049256a61a28f06d/pyxlsb-1.0.10-py2.py3-none-any.whl", hash = "sha256:87c122a9a622e35ca5e741d2e541201d28af00fb46bec492cfa9586890b120b4", size = 23849, upload-time = "2022-10-14T19:17:46.079Z" },
]

[[package]]
name = "six"
version = "1.17.0"
source = { registry = "https://pypi.org/simple" }
sdist = { url = "https://files.pythonhosted.org/packages/94/e7/b2c673351809dca68a0e064b6af791aa332cf192da575fd474ed7d6f16a2/six-1.17.0.tar.gz", hash = "sha256:ff70335d468e7eb6ec65b95b99d3a2836546063f63acc5171de367e834932a81", size = 34031, upload-time = "2024-12-04T17:35:28.174Z" }
wheels = [
    { url = "https://files.pythonhosted.org/packages/b7/ce/149a00dd41f10bc29e5921b496af8b574d8413afcd5e30dfa0ed46c2cc5e/six-1.17.0-py2.py3-none-any.whl", hash = "sha256:4721f391ed90541fddacab5acf947aa0d3dc7d27b2e1e8eda2be8970586c3274", size = 11050, upload-time = "2024-12-04T17:35:26.475Z" },
]

[[package]]
name = "tzdata"
version = "2025.2"
source = { registry = "https://pypi.org/simple" }
sdist = { url = "https://files.pythonhosted.org/packages/95/32/1a225d6164441be760d75c2c42e2780dc0873fe382da3e98a2e1e48361e5/tzdata-2025.2.tar.gz", hash = "sha256:b60a638fcc0daffadf82fe0f57e53d06bdec2f36c4df66280ae79bce6bd6f2b9", size = 196380, upload-time = "2025-03-23T13:54:43.652Z" }
wheels = [
    { url = "https://files.pythonhosted.org/packages/5c/23/c7abc0ca0a1526a0774eca151daeb8de62ec457e77262b66b359c3c7679e/tzdata-2025.2-py2.py3-none-any.whl", hash = "sha256:1a403fada01ff9221ca8044d701868fa132215d84beb92242d9acd2147f667a8", size = 347839, upload-time = "2025-03-23T13:54:41.845Z" },
]

[[package]]
name = "xlrd"
version = "2.0.2"
source = { registry = "https://pypi.org/simple" }
sdist = { url = "https://files.pythonhosted.org/packages/07/5a/377161c2d3538d1990d7af382c79f3b2372e880b65de21b01b1a2b78691e/xlrd-2.0.2.tar.gz", hash = "sha256:08b5e25de58f21ce71dc7db3b3b8106c1fa776f3024c54e45b45b374e89234c9", size = 100167, upload-time = "2025-06-14T08:46:39.039Z" }
wheels = [
    { url = "https://files.pythonhosted.org/packages/1a/62/c8d562e7766786ba6587d09c5a8ba9f718ed3fa8af7f4553e8f91c36f302/xlrd-2.0.2-py2.py3-none-any.whl", hash = "sha256:ea762c3d29f4cca48d82df517b6d89fbce4db3107f9d78713e48cd321d5c9aa9", size = 96555, upload-time = "2025-06-14T08:46:37.766Z" },
]

[[package]]
name = "xlsxwriter"
version = "3.2.9"
source = { registry = "https://pypi.org/simple" }
sdist = { url = "https://files.pythonhosted.org/packages/46/2c/c06ef49dc36e7954e55b802a8b231770d286a9758b3d936bd1e04ce5ba88/xlsxwriter-3.2.9.tar.gz", hash = "sha256:254b1c37a368c444eac6e2f867405cc9e461b0ed97a3233b2ac1e574efb4140c", size = 215940, upload-time = "2025-09-16T00:16:21.63Z" }
wheels = [
    { url = "https://files.pythonhosted.org/packages/3a/0c/3662f4a66880196a590b202f0db82d919dd2f89e99a27fadef91c4a33d41/xlsxwriter-3.2.9-py3-none-any.whl", hash = "sha256:9a5db42bc5dff014806c58a20b9eae7322a134abb6fce3c92c181bfb275ec5b3", size = 175315, upload-time = "2025-09-16T00:16:20.108Z" },
]
